// !$*UTF8*$!
{
	archiveVersion = 1;
	classes = {
	};
	objectVersion = 46;
	objects = {

/* Begin PBXBuildFile section */
		0B5AFDF41D19842F00E461D7 /* Main.storyboard in Resources */ = {isa = PBXBuildFile; fileRef = 0B5AFDF21D19842F00E461D7 /* Main.storyboard */; };
		0B6733961D16B1010065A8BE /* AppDelegate.swift in Sources */ = {isa = PBXBuildFile; fileRef = 0B6733951D16B1010065A8BE /* AppDelegate.swift */; };
		0B6733981D16B1010065A8BE /* ViewController.swift in Sources */ = {isa = PBXBuildFile; fileRef = 0B6733971D16B1010065A8BE /* ViewController.swift */; };
		0B67339D1D16B1010065A8BE /* Assets.xcassets in Resources */ = {isa = PBXBuildFile; fileRef = 0B67339C1D16B1010065A8BE /* Assets.xcassets */; };
		0B6733A01D16B1010065A8BE /* LaunchScreen.storyboard in Resources */ = {isa = PBXBuildFile; fileRef = 0B67339E1D16B1010065A8BE /* LaunchScreen.storyboard */; };
		0B6733AB1D16B1010065A8BE /* AlarmClockTests.swift in Sources */ = {isa = PBXBuildFile; fileRef = 0B6733AA1D16B1010065A8BE /* AlarmClockTests.swift */; };
		0B6733B61D16B1010065A8BE /* AlarmClockUITests.swift in Sources */ = {isa = PBXBuildFile; fileRef = 0B6733B51D16B1010065A8BE /* AlarmClockUITests.swift */; };
		0B6733C41D16BAB90065A8BE /* Maze.swift in Sources */ = {isa = PBXBuildFile; fileRef = 0B6733C31D16BAB90065A8BE /* Maze.swift */; };
		0BD8CF141D1953D800A8F18E /* bell.mp4 in Resources */ = {isa = PBXBuildFile; fileRef = 0BD8CF131D1953D800A8F18E /* bell.mp4 */; };
/* End PBXBuildFile section */

/* Begin PBXContainerItemProxy section */
		0B6733A71D16B1010065A8BE /* PBXContainerItemProxy */ = {
			isa = PBXContainerItemProxy;
			containerPortal = 0B67338A1D16B1010065A8BE /* Project object */;
			proxyType = 1;
			remoteGlobalIDString = 0B6733911D16B1010065A8BE;
			remoteInfo = AlarmClock;
		};
		0B6733B21D16B1010065A8BE /* PBXContainerItemProxy */ = {
			isa = PBXContainerItemProxy;
			containerPortal = 0B67338A1D16B1010065A8BE /* Project object */;
			proxyType = 1;
			remoteGlobalIDString = 0B6733911D16B1010065A8BE;
			remoteInfo = AlarmClock;
		};
/* End PBXContainerItemProxy section */

/* Begin PBXFileReference section */
		0B5AFDF31D19842F00E461D7 /* Base */ = {isa = PBXFileReference; lastKnownFileType = file.storyboard; name = Base; path = Base.lproj/Main.storyboard; sourceTree = "<group>"; };
		0B6733921D16B1010065A8BE /* AlarmClock.app */ = {isa = PBXFileReference; explicitFileType = wrapper.application; includeInIndex = 0; path = AlarmClock.app; sourceTree = BUILT_PRODUCTS_DIR; };
		0B6733951D16B1010065A8BE /* AppDelegate.swift */ = {isa = PBXFileReference; lastKnownFileType = sourcecode.swift; path = AppDelegate.swift; sourceTree = "<group>"; };
		0B6733971D16B1010065A8BE /* ViewController.swift */ = {isa = PBXFileReference; lastKnownFileType = sourcecode.swift; path = ViewController.swift; sourceTree = "<group>"; };
		0B67339C1D16B1010065A8BE /* Assets.xcassets */ = {isa = PBXFileReference; lastKnownFileType = folder.assetcatalog; path = Assets.xcassets; sourceTree = "<group>"; };
		0B67339F1D16B1010065A8BE /* Base */ = {isa = PBXFileReference; lastKnownFileType = file.storyboard; name = Base; path = Base.lproj/LaunchScreen.storyboard; sourceTree = "<group>"; };
		0B6733A11D16B1010065A8BE /* Info.plist */ = {isa = PBXFileReference; lastKnownFileType = text.plist.xml; path = Info.plist; sourceTree = "<group>"; };
		0B6733A61D16B1010065A8BE /* AlarmClockTests.xctest */ = {isa = PBXFileReference; explicitFileType = wrapper.cfbundle; includeInIndex = 0; path = AlarmClockTests.xctest; sourceTree = BUILT_PRODUCTS_DIR; };
		0B6733AA1D16B1010065A8BE /* AlarmClockTests.swift */ = {isa = PBXFileReference; lastKnownFileType = sourcecode.swift; path = AlarmClockTests.swift; sourceTree = "<group>"; };
		0B6733AC1D16B1010065A8BE /* Info.plist */ = {isa = PBXFileReference; lastKnownFileType = text.plist.xml; path = Info.plist; sourceTree = "<group>"; };
		0B6733B11D16B1010065A8BE /* AlarmClockUITests.xctest */ = {isa = PBXFileReference; explicitFileType = wrapper.cfbundle; includeInIndex = 0; path = AlarmClockUITests.xctest; sourceTree = BUILT_PRODUCTS_DIR; };
		0B6733B51D16B1010065A8BE /* AlarmClockUITests.swift */ = {isa = PBXFileReference; lastKnownFileType = sourcecode.swift; path = AlarmClockUITests.swift; sourceTree = "<group>"; };
		0B6733B71D16B1010065A8BE /* Info.plist */ = {isa = PBXFileReference; lastKnownFileType = text.plist.xml; path = Info.plist; sourceTree = "<group>"; };
		0B6733C31D16BAB90065A8BE /* Maze.swift */ = {isa = PBXFileReference; fileEncoding = 4; lastKnownFileType = sourcecode.swift; path = Maze.swift; sourceTree = "<group>"; };
		0BD8CF131D1953D800A8F18E /* bell.mp4 */ = {isa = PBXFileReference; lastKnownFileType = file; path = bell.mp4; sourceTree = "<group>"; };
/* End PBXFileReference section */

/* Begin PBXFrameworksBuildPhase section */
		0B67338F1D16B1010065A8BE /* Frameworks */ = {
			isa = PBXFrameworksBuildPhase;
			buildActionMask = 2147483647;
			files = (
			);
			runOnlyForDeploymentPostprocessing = 0;
		};
		0B6733A31D16B1010065A8BE /* Frameworks */ = {
			isa = PBXFrameworksBuildPhase;
			buildActionMask = 2147483647;
			files = (
			);
			runOnlyForDeploymentPostprocessing = 0;
		};
		0B6733AE1D16B1010065A8BE /* Frameworks */ = {
			isa = PBXFrameworksBuildPhase;
			buildActionMask = 2147483647;
			files = (
			);
			runOnlyForDeploymentPostprocessing = 0;
		};
/* End PBXFrameworksBuildPhase section */

/* Begin PBXGroup section */
		0B6733891D16B1010065A8BE = {
			isa = PBXGroup;
			children = (
				0B6733941D16B1010065A8BE /* AlarmClock */,
				0B6733A91D16B1010065A8BE /* AlarmClockTests */,
				0B6733B41D16B1010065A8BE /* AlarmClockUITests */,
				0B6733931D16B1010065A8BE /* Products */,
			);
			sourceTree = "<group>";
		};
		0B6733931D16B1010065A8BE /* Products */ = {
			isa = PBXGroup;
			children = (
				0B6733921D16B1010065A8BE /* AlarmClock.app */,
				0B6733A61D16B1010065A8BE /* AlarmClockTests.xctest */,
				0B6733B11D16B1010065A8BE /* AlarmClockUITests.xctest */,
			);
			name = Products;
			sourceTree = "<group>";
		};
		0B6733941D16B1010065A8BE /* AlarmClock */ = {
			isa = PBXGroup;
			children = (
				0B5AFDF21D19842F00E461D7 /* Main.storyboard */,
				0BD8CF131D1953D800A8F18E /* bell.mp4 */,
				0B6733951D16B1010065A8BE /* AppDelegate.swift */,
				0B6733971D16B1010065A8BE /* ViewController.swift */,
				0B67339C1D16B1010065A8BE /* Assets.xcassets */,
				0B67339E1D16B1010065A8BE /* LaunchScreen.storyboard */,
				0B6733A11D16B1010065A8BE /* Info.plist */,
				0B6733C31D16BAB90065A8BE /* Maze.swift */,
			);
			path = AlarmClock;
			sourceTree = "<group>";
		};
		0B6733A91D16B1010065A8BE /* AlarmClockTests */ = {
			isa = PBXGroup;
			children = (
				0B6733AA1D16B1010065A8BE /* AlarmClockTests.swift */,
				0B6733AC1D16B1010065A8BE /* Info.plist */,
			);
			path = AlarmClockTests;
			sourceTree = "<group>";
		};
		0B6733B41D16B1010065A8BE /* AlarmClockUITests */ = {
			isa = PBXGroup;
			children = (
				0B6733B51D16B1010065A8BE /* AlarmClockUITests.swift */,
				0B6733B71D16B1010065A8BE /* Info.plist */,
			);
			path = AlarmClockUITests;
			sourceTree = "<group>";
		};
/* End PBXGroup section */

/* Begin PBXNativeTarget section */
		0B6733911D16B1010065A8BE /* AlarmClock */ = {
			isa = PBXNativeTarget;
			buildConfigurationList = 0B6733BA1D16B1010065A8BE /* Build configuration list for PBXNativeTarget "AlarmClock" */;
			buildPhases = (
				0B67338E1D16B1010065A8BE /* Sources */,
				0B67338F1D16B1010065A8BE /* Frameworks */,
				0B6733901D16B1010065A8BE /* Resources */,
			);
			buildRules = (
			);
			dependencies = (
			);
			name = AlarmClock;
			productName = AlarmClock;
			productReference = 0B6733921D16B1010065A8BE /* AlarmClock.app */;
			productType = "com.apple.product-type.application";
		};
		0B6733A51D16B1010065A8BE /* AlarmClockTests */ = {
			isa = PBXNativeTarget;
			buildConfigurationList = 0B6733BD1D16B1010065A8BE /* Build configuration list for PBXNativeTarget "AlarmClockTests" */;
			buildPhases = (
				0B6733A21D16B1010065A8BE /* Sources */,
				0B6733A31D16B1010065A8BE /* Frameworks */,
				0B6733A41D16B1010065A8BE /* Resources */,
			);
			buildRules = (
			);
			dependencies = (
				0B6733A81D16B1010065A8BE /* PBXTargetDependency */,
			);
			name = AlarmClockTests;
			productName = AlarmClockTests;
			productReference = 0B6733A61D16B1010065A8BE /* AlarmClockTests.xctest */;
			productType = "com.apple.product-type.bundle.unit-test";
		};
		0B6733B01D16B1010065A8BE /* AlarmClockUITests */ = {
			isa = PBXNativeTarget;
			buildConfigurationList = 0B6733C01D16B1010065A8BE /* Build configuration list for PBXNativeTarget "AlarmClockUITests" */;
			buildPhases = (
				0B6733AD1D16B1010065A8BE /* Sources */,
				0B6733AE1D16B1010065A8BE /* Frameworks */,
				0B6733AF1D16B1010065A8BE /* Resources */,
			);
			buildRules = (
			);
			dependencies = (
				0B6733B31D16B1010065A8BE /* PBXTargetDependency */,
			);
			name = AlarmClockUITests;
			productName = AlarmClockUITests;
			productReference = 0B6733B11D16B1010065A8BE /* AlarmClockUITests.xctest */;
			productType = "com.apple.product-type.bundle.ui-testing";
		};
/* End PBXNativeTarget section */

/* Begin PBXProject section */
		0B67338A1D16B1010065A8BE /* Project object */ = {
			isa = PBXProject;
			attributes = {
				LastSwiftUpdateCheck = 0730;
				LastUpgradeCheck = 0730;
				ORGANIZATIONNAME = Arisa;
				TargetAttributes = {
					0B6733911D16B1010065A8BE = {
						CreatedOnToolsVersion = 7.3.1;
					};
					0B6733A51D16B1010065A8BE = {
						CreatedOnToolsVersion = 7.3.1;
						TestTargetID = 0B6733911D16B1010065A8BE;
					};
					0B6733B01D16B1010065A8BE = {
						CreatedOnToolsVersion = 7.3.1;
						TestTargetID = 0B6733911D16B1010065A8BE;
					};
				};
			};
			buildConfigurationList = 0B67338D1D16B1010065A8BE /* Build configuration list for PBXProject "AlarmClock" */;
			compatibilityVersion = "Xcode 3.2";
			developmentRegion = English;
			hasScannedForEncodings = 0;
			knownRegions = (
				en,
				Base,
			);
			mainGroup = 0B6733891D16B1010065A8BE;
			productRefGroup = 0B6733931D16B1010065A8BE /* Products */;
			projectDirPath = "";
			projectRoot = "";
			targets = (
				0B6733911D16B1010065A8BE /* AlarmClock */,
				0B6733A51D16B1010065A8BE /* AlarmClockTests */,
				0B6733B01D16B1010065A8BE /* AlarmClockUITests */,
			);
		};
/* End PBXProject section */

/* Begin PBXResourcesBuildPhase section */
		0B6733901D16B1010065A8BE /* Resources */ = {
			isa = PBXResourcesBuildPhase;
			buildActionMask = 2147483647;
			files = (
				0B6733A01D16B1010065A8BE /* LaunchScreen.storyboard in Resources */,
				0B67339D1D16B1010065A8BE /* Assets.xcassets in Resources */,
				0BD8CF141D1953D800A8F18E /* bell.mp4 in Resources */,
				0B5AFDF41D19842F00E461D7 /* Main.storyboard in Resources */,
			);
			runOnlyForDeploymentPostprocessing = 0;
		};
		0B6733A41D16B1010065A8BE /* Resources */ = {
			isa = PBXResourcesBuildPhase;
			buildActionMask = 2147483647;
			files = (
			);
			runOnlyForDeploymentPostprocessing = 0;
		};
		0B6733AF1D16B1010065A8BE /* Resources */ = {
			isa = PBXResourcesBuildPhase;
			buildActionMask = 2147483647;
			files = (
			);
			runOnlyForDeploymentPostprocessing = 0;
		};
/* End PBXResourcesBuildPhase section */

/* Begin PBXSourcesBuildPhase section */
		0B67338E1D16B1010065A8BE /* Sources */ = {
			isa = PBXSourcesBuildPhase;
			buildActionMask = 2147483647;
			files = (
				0B6733981D16B1010065A8BE /* ViewController.swift in Sources */,
				0B6733961D16B1010065A8BE /* AppDelegate.swift in Sources */,
				0B6733C41D16BAB90065A8BE /* Maze.swift in Sources */,
			);
			runOnlyForDeploymentPostprocessing = 0;
		};
		0B6733A21D16B1010065A8BE /* Sources */ = {
			isa = PBXSourcesBuildPhase;
			buildActionMask = 2147483647;
			files = (
				0B6733AB1D16B1010065A8BE /* AlarmClockTests.swift in Sources */,
			);
			runOnlyForDeploymentPostprocessing = 0;
		};
		0B6733AD1D16B1010065A8BE /* Sources */ = {
			isa = PBXSourcesBuildPhase;
			buildActionMask = 2147483647;
			files = (
				0B6733B61D16B1010065A8BE /* AlarmClockUITests.swift in Sources */,
			);
			runOnlyForDeploymentPostprocessing = 0;
		};
/* End PBXSourcesBuildPhase section */

/* Begin PBXTargetDependency section */
		0B6733A81D16B1010065A8BE /* PBXTargetDependency */ = {
			isa = PBXTargetDependency;
			target = 0B6733911D16B1010065A8BE /* AlarmClock */;
			targetProxy = 0B6733A71D16B1010065A8BE /* PBXContainerItemProxy */;
		};
		0B6733B31D16B1010065A8BE /* PBXTargetDependency */ = {
			isa = PBXTargetDependency;
			target = 0B6733911D16B1010065A8BE /* AlarmClock */;
			targetProxy = 0B6733B21D16B1010065A8BE /* PBXContainerItemProxy */;
		};
/* End PBXTargetDependency section */

/* Begin PBXVariantGroup section */
		0B5AFDF21D19842F00E461D7 /* Main.storyboard */ = {
			isa = PBXVariantGroup;
			children = (
				0B5AFDF31D19842F00E461D7 /* Base */,
			);
			name = Main.storyboard;
			sourceTree = "<group>";
		};
		0B67339E1D16B1010065A8BE /* LaunchScreen.storyboard */ = {
			isa = PBXVariantGroup;
			children = (
				0B67339F1D16B1010065A8BE /* Base */,
			);
			name = LaunchScreen.storyboard;
			sourceTree = "<group>";
		};
/* End PBXVariantGroup section */

/* Begin XCBuildConfiguration section */
		0B6733B81D16B1010065A8BE /* Debug */ = {
			isa = XCBuildConfiguration;
			buildSettings = {
				ALWAYS_SEARCH_USER_PATHS = NO;
				CLANG_ANALYZER_NONNULL = YES;
				CLANG_CXX_LANGUAGE_STANDARD = "gnu++0x";
				CLANG_CXX_LIBRARY = "libc++";
				CLANG_ENABLE_MODULES = YES;
				CLANG_ENABLE_OBJC_ARC = YES;
				CLANG_WARN_BOOL_CONVERSION = YES;
				CLANG_WARN_CONSTANT_CONVERSION = YES;
				CLANG_WARN_DIRECT_OBJC_ISA_USAGE = YES_ERROR;
				CLANG_WARN_EMPTY_BODY = YES;
				CLANG_WARN_ENUM_CONVERSION = YES;
				CLANG_WARN_INT_CONVERSION = YES;
				CLANG_WARN_OBJC_ROOT_CLASS = YES_ERROR;
				CLANG_WARN_UNREACHABLE_CODE = YES;
				CLANG_WARN__DUPLICATE_METHOD_MATCH = YES;
				"CODE_SIGN_IDENTITY[sdk=iphoneos*]" = "iPhone Developer";
				COPY_PHASE_STRIP = NO;
				DEBUG_INFORMATION_FORMAT = dwarf;
				ENABLE_STRICT_OBJC_MSGSEND = YES;
				ENABLE_TESTABILITY = YES;
				GCC_C_LANGUAGE_STANDARD = gnu99;
				GCC_DYNAMIC_NO_PIC = NO;
				GCC_NO_COMMON_BLOCKS = YES;
				GCC_OPTIMIZATION_LEVEL = 0;
				GCC_PREPROCESSOR_DEFINITIONS = (
					"DEBUG=1",
					"$(inherited)",
				);
				GCC_WARN_64_TO_32_BIT_CONVERSION = YES;
				GCC_WARN_ABOUT_RETURN_TYPE = YES_ERROR;
				GCC_WARN_UNDECLARED_SELECTOR = YES;
				GCC_WARN_UNINITIALIZED_AUTOS = YES_AGGRESSIVE;
				GCC_WARN_UNUSED_FUNCTION = YES;
				GCC_WARN_UNUSED_VARIABLE = YES;
				IPHONEOS_DEPLOYMENT_TARGET = 9.3;
				MTL_ENABLE_DEBUG_INFO = YES;
				ONLY_ACTIVE_ARCH = YES;
				SDKROOT = iphoneos;
				SWIFT_OPTIMIZATION_LEVEL = "-Onone";
			};
			name = Debug;
		};
		0B6733B91D16B1010065A8BE /* Release */ = {
			isa = XCBuildConfiguration;
			buildSettings = {
				ALWAYS_SEARCH_USER_PATHS = NO;
				CLANG_ANALYZER_NONNULL = YES;
				CLANG_CXX_LANGUAGE_STANDARD = "gnu++0x";
				CLANG_CXX_LIBRARY = "libc++";
				CLANG_ENABLE_MODULES = YES;
				CLANG_ENABLE_OBJC_ARC = YES;
				CLANG_WARN_BOOL_CONVERSION = YES;
				CLANG_WARN_CONSTANT_CONVERSION = YES;
				CLANG_WARN_DIRECT_OBJC_ISA_USAGE = YES_ERROR;
				CLANG_WARN_EMPTY_BODY = YES;
				CLANG_WARN_ENUM_CONVERSION = YES;
				CLANG_WARN_INT_CONVERSION = YES;
				CLANG_WARN_OBJC_ROOT_CLASS = YES_ERROR;
				CLANG_WARN_UNREACHABLE_CODE = YES;
				CLANG_WARN__DUPLICATE_METHOD_MATCH = YES;
				"CODE_SIGN_IDENTITY[sdk=iphoneos*]" = "iPhone Developer";
				COPY_PHASE_STRIP = NO;
				DEBUG_INFORMATION_FORMAT = "dwarf-with-dsym";
				ENABLE_NS_ASSERTIONS = NO;
				ENABLE_STRICT_OBJC_MSGSEND = YES;
				GCC_C_LANGUAGE_STANDARD = gnu99;
				GCC_NO_COMMON_BLOCKS = YES;
				GCC_WARN_64_TO_32_BIT_CONVERSION = YES;
				GCC_WARN_ABOUT_RETURN_TYPE = YES_ERROR;
				GCC_WARN_UNDECLARED_SELECTOR = YES;
				GCC_WARN_UNINITIALIZED_AUTOS = YES_AGGRESSIVE;
				GCC_WARN_UNUSED_FUNCTION = YES;
				GCC_WARN_UNUSED_VARIABLE = YES;
				IPHONEOS_DEPLOYMENT_TARGET = 9.3;
				MTL_ENABLE_DEBUG_INFO = NO;
				SDKROOT = iphoneos;
				VALIDATE_PRODUCT = YES;
			};
			name = Release;
		};
		0B6733BB1D16B1010065A8BE /* Debug */ = {
			isa = XCBuildConfiguration;
			buildSettings = {
				ASSETCATALOG_COMPILER_APPICON_NAME = AppIcon;
				INFOPLIST_FILE = AlarmClock/Info.plist;
				LD_RUNPATH_SEARCH_PATHS = "$(inherited) @executable_path/Frameworks";
				PRODUCT_BUNDLE_IDENTIFIER = Arisa.AlarmClock;
				PRODUCT_NAME = "$(TARGET_NAME)";
			};
			name = Debug;
		};
		0B6733BC1D16B1010065A8BE /* Release */ = {
			isa = XCBuildConfiguration;
			buildSettings = {
				ASSETCATALOG_COMPILER_APPICON_NAME = AppIcon;
				INFOPLIST_FILE = AlarmClock/Info.plist;
				LD_RUNPATH_SEARCH_PATHS = "$(inherited) @executable_path/Frameworks";
				PRODUCT_BUNDLE_IDENTIFIER = Arisa.AlarmClock;
				PRODUCT_NAME = "$(TARGET_NAME)";
			};
			name = Release;
		};
		0B6733BE1D16B1010065A8BE /* Debug */ = {
			isa = XCBuildConfiguration;
			buildSettings = {
				BUNDLE_LOADER = "$(TEST_HOST)";
				INFOPLIST_FILE = AlarmClockTests/Info.plist;
				LD_RUNPATH_SEARCH_PATHS = "$(inherited) @executable_path/Frameworks @loader_path/Frameworks";
				PRODUCT_BUNDLE_IDENTIFIER = Arisa.AlarmClockTests;
				PRODUCT_NAME = "$(TARGET_NAME)";
				TEST_HOST = "$(BUILT_PRODUCTS_DIR)/AlarmClock.app/AlarmClock";
			};
			name = Debug;
		};
		0B6733BF1D16B1010065A8BE /* Release */ = {
			isa = XCBuildConfiguration;
			buildSettings = {
				BUNDLE_LOADER = "$(TEST_HOST)";
				INFOPLIST_FILE = AlarmClockTests/Info.plist;
				LD_RUNPATH_SEARCH_PATHS = "$(inherited) @executable_path/Frameworks @loader_path/Frameworks";
				PRODUCT_BUNDLE_IDENTIFIER = Arisa.AlarmClockTests;
				PRODUCT_NAME = "$(TARGET_NAME)";
				TEST_HOST = "$(BUILT_PRODUCTS_DIR)/AlarmClock.app/AlarmClock";
			};
			name = Release;
		};
		0B6733C11D16B1010065A8BE /* Debug */ = {
			isa = XCBuildConfiguration;
			buildSettings = {
				INFOPLIST_FILE = AlarmClockUITests/Info.plist;
				LD_RUNPATH_SEARCH_PATHS = "$(inherited) @executable_path/Frameworks @loader_path/Frameworks";
				PRODUCT_BUNDLE_IDENTIFIER = Arisa.AlarmClockUITests;
				PRODUCT_NAME = "$(TARGET_NAME)";
				TEST_TARGET_NAME = AlarmClock;
			};
			name = Debug;
		};
		0B6733C21D16B1010065A8BE /* Release */ = {
			isa = XCBuildConfiguration;
			buildSettings = {
				INFOPLIST_FILE = AlarmClockUITests/Info.plist;
				LD_RUNPATH_SEARCH_PATHS = "$(inherited) @executable_path/Frameworks @loader_path/Frameworks";
				PRODUCT_BUNDLE_IDENTIFIER = Arisa.AlarmClockUITests;
				PRODUCT_NAME = "$(TARGET_NAME)";
				TEST_TARGET_NAME = AlarmClock;
			};
			name = Release;
		};
/* End XCBuildConfiguration section */

/* Begin XCConfigurationList section */
		0B67338D1D16B1010065A8BE /* Build configuration list for PBXProject "AlarmClock" */ = {
			isa = XCConfigurationList;
			buildConfigurations = (
				0B6733B81D16B1010065A8BE /* Debug */,
				0B6733B91D16B1010065A8BE /* Release */,
			);
			defaultConfigurationIsVisible = 0;
			defaultConfigurationName = Release;
		};
		0B6733BA1D16B1010065A8BE /* Build configuration list for PBXNativeTarget "AlarmClock" */ = {
			isa = XCConfigurationList;
			buildConfigurations = (
				0B6733BB1D16B1010065A8BE /* Debug */,
				0B6733BC1D16B1010065A8BE /* Release */,
			);
			defaultConfigurationIsVisible = 0;
			defaultConfigurationName = Release;
		};
		0B6733BD1D16B1010065A8BE /* Build configuration list for PBXNativeTarget "AlarmClockTests" */ = {
			isa = XCConfigurationList;
			buildConfigurations = (
				0B6733BE1D16B1010065A8BE /* Debug */,
				0B6733BF1D16B1010065A8BE /* Release */,
			);
			defaultConfigurationIsVisible = 0;
			defaultConfigurationName = Release;
		};
		0B6733C01D16B1010065A8BE /* Build configuration list for PBXNativeTarget "AlarmClockUITests" */ = {
			isa = XCConfigurationList;
			buildConfigurations = (
				0B6733C11D16B1010065A8BE /* Debug */,
				0B6733C21D16B1010065A8BE /* Release */,
			);
			defaultConfigurationIsVisible = 0;
			defaultConfigurationName = Release;
		};
/* End XCConfigurationList section */
	};
	rootObject = 0B67338A1D16B1010065A8BE /* Project object */;
}
